// !$*UTF8*$!
{
	archiveVersion = 1;
	classes = {
	};
	objectVersion = 50;
	objects = {

/* Begin PBXBuildFile section */
		05B4924B29EF834400F63547 /* SwiftUI_GuideApp.swift in Sources */ = {isa = PBXBuildFile; fileRef = 05B4924A29EF834400F63547 /* SwiftUI_GuideApp.swift */; };
		05B4924D29EF834400F63547 /* ContentView.swift in Sources */ = {isa = PBXBuildFile; fileRef = 05B4924C29EF834400F63547 /* ContentView.swift */; };
		05B4924F29EF834500F63547 /* Assets.xcassets in Resources */ = {isa = PBXBuildFile; fileRef = 05B4924E29EF834500F63547 /* Assets.xcassets */; };
		05B4925229EF834500F63547 /* Preview Assets.xcassets in Resources */ = {isa = PBXBuildFile; fileRef = 05B4925129EF834500F63547 /* Preview Assets.xcassets */; };
		05B4925D29EF834500F63547 /* SwiftUI_GuideTests.swift in Sources */ = {isa = PBXBuildFile; fileRef = 05B4925C29EF834500F63547 /* SwiftUI_GuideTests.swift */; };
		05B4926829EF834500F63547 /* SwiftUI_GuideUITests.swift in Sources */ = {isa = PBXBuildFile; fileRef = 05B4926729EF834500F63547 /* SwiftUI_GuideUITests.swift */; };
/* End PBXBuildFile section */

/* Begin PBXContainerItemProxy section */
		05B4925929EF834500F63547 /* PBXContainerItemProxy */ = {
			isa = PBXContainerItemProxy;
			containerPortal = 05B4923F29EF834400F63547 /* Project object */;
			proxyType = 1;
			remoteGlobalIDString = 05B4924629EF834400F63547;
			remoteInfo = "SwiftUI-Guide";
		};
		05B4926429EF834500F63547 /* PBXContainerItemProxy */ = {
			isa = PBXContainerItemProxy;
			containerPortal = 05B4923F29EF834400F63547 /* Project object */;
			proxyType = 1;
			remoteGlobalIDString = 05B4924629EF834400F63547;
			remoteInfo = "SwiftUI-Guide";
		};
/* End PBXContainerItemProxy section */

/* Begin PBXFileReference section */
		05B4924729EF834400F63547 /* SwiftUI-Guide.app */ = {isa = PBXFileReference; explicitFileType = wrapper.application; includeInIndex = 0; path = "SwiftUI-Guide.app"; sourceTree = BUILT_PRODUCTS_DIR; };
		05B4924A29EF834400F63547 /* SwiftUI_GuideApp.swift */ = {isa = PBXFileReference; lastKnownFileType = sourcecode.swift; path = SwiftUI_GuideApp.swift; sourceTree = "<group>"; };
		05B4924C29EF834400F63547 /* ContentView.swift */ = {isa = PBXFileReference; lastKnownFileType = sourcecode.swift; path = ContentView.swift; sourceTree = "<group>"; };
		05B4924E29EF834500F63547 /* Assets.xcassets */ = {isa = PBXFileReference; lastKnownFileType = folder.assetcatalog; path = Assets.xcassets; sourceTree = "<group>"; };
		05B4925129EF834500F63547 /* Preview Assets.xcassets */ = {isa = PBXFileReference; lastKnownFileType = folder.assetcatalog; path = "Preview Assets.xcassets"; sourceTree = "<group>"; };
		05B4925329EF834500F63547 /* Info.plist */ = {isa = PBXFileReference; lastKnownFileType = text.plist.xml; path = Info.plist; sourceTree = "<group>"; };
		05B4925829EF834500F63547 /* SwiftUI-GuideTests.xctest */ = {isa = PBXFileReference; explicitFileType = wrapper.cfbundle; includeInIndex = 0; path = "SwiftUI-GuideTests.xctest"; sourceTree = BUILT_PRODUCTS_DIR; };
		05B4925C29EF834500F63547 /* SwiftUI_GuideTests.swift */ = {isa = PBXFileReference; lastKnownFileType = sourcecode.swift; path = SwiftUI_GuideTests.swift; sourceTree = "<group>"; };
		05B4925E29EF834500F63547 /* Info.plist */ = {isa = PBXFileReference; lastKnownFileType = text.plist.xml; path = Info.plist; sourceTree = "<group>"; };
		05B4926329EF834500F63547 /* SwiftUI-GuideUITests.xctest */ = {isa = PBXFileReference; explicitFileType = wrapper.cfbundle; includeInIndex = 0; path = "SwiftUI-GuideUITests.xctest"; sourceTree = BUILT_PRODUCTS_DIR; };
		05B4926729EF834500F63547 /* SwiftUI_GuideUITests.swift */ = {isa = PBXFileReference; lastKnownFileType = sourcecode.swift; path = SwiftUI_GuideUITests.swift; sourceTree = "<group>"; };
		05B4926929EF834500F63547 /* Info.plist */ = {isa = PBXFileReference; lastKnownFileType = text.plist.xml; path = Info.plist; sourceTree = "<group>"; };
/* End PBXFileReference section */

/* Begin PBXFrameworksBuildPhase section */
		05B4924429EF834400F63547 /* Frameworks */ = {
			isa = PBXFrameworksBuildPhase;
			buildActionMask = 2147483647;
			files = (
			);
			runOnlyForDeploymentPostprocessing = 0;
		};
		05B4925529EF834500F63547 /* Frameworks */ = {
			isa = PBXFrameworksBuildPhase;
			buildActionMask = 2147483647;
			files = (
			);
			runOnlyForDeploymentPostprocessing = 0;
		};
		05B4926029EF834500F63547 /* Frameworks */ = {
			isa = PBXFrameworksBuildPhase;
			buildActionMask = 2147483647;
			files = (
			);
			runOnlyForDeploymentPostprocessing = 0;
		};
/* End PBXFrameworksBuildPhase section */

/* Begin PBXGroup section */
		05B4923E29EF834400F63547 = {
			isa = PBXGroup;
			children = (
				05B4924929EF834400F63547 /* SwiftUI-Guide */,
				05B4925B29EF834500F63547 /* SwiftUI-GuideTests */,
				05B4926629EF834500F63547 /* SwiftUI-GuideUITests */,
				05B4924829EF834400F63547 /* Products */,
			);
			sourceTree = "<group>";
		};
		05B4924829EF834400F63547 /* Products */ = {
			isa = PBXGroup;
			children = (
				05B4924729EF834400F63547 /* SwiftUI-Guide.app */,
				05B4925829EF834500F63547 /* SwiftUI-GuideTests.xctest */,
				05B4926329EF834500F63547 /* SwiftUI-GuideUITests.xctest */,
			);
			name = Products;
			sourceTree = "<group>";
		};
		05B4924929EF834400F63547 /* SwiftUI-Guide */ = {
			isa = PBXGroup;
			children = (
				05B4924A29EF834400F63547 /* SwiftUI_GuideApp.swift */,
				05B4924C29EF834400F63547 /* ContentView.swift */,
				05B4924E29EF834500F63547 /* Assets.xcassets */,
				05B4925329EF834500F63547 /* Info.plist */,
				05B4925029EF834500F63547 /* Preview Content */,
			);
			path = "SwiftUI-Guide";
			sourceTree = "<group>";
		};
		05B4925029EF834500F63547 /* Preview Content */ = {
			isa = PBXGroup;
			children = (
				05B4925129EF834500F63547 /* Preview Assets.xcassets */,
			);
			path = "Preview Content";
			sourceTree = "<group>";
		};
		05B4925B29EF834500F63547 /* SwiftUI-GuideTests */ = {
			isa = PBXGroup;
			children = (
				05B4925C29EF834500F63547 /* SwiftUI_GuideTests.swift */,
				05B4925E29EF834500F63547 /* Info.plist */,
			);
			path = "SwiftUI-GuideTests";
			sourceTree = "<group>";
		};
		05B4926629EF834500F63547 /* SwiftUI-GuideUITests */ = {
			isa = PBXGroup;
			children = (
				05B4926729EF834500F63547 /* SwiftUI_GuideUITests.swift */,
				05B4926929EF834500F63547 /* Info.plist */,
			);
			path = "SwiftUI-GuideUITests";
			sourceTree = "<group>";
		};
/* End PBXGroup section */

/* Begin PBXNativeTarget section */
		05B4924629EF834400F63547 /* SwiftUI-Guide */ = {
			isa = PBXNativeTarget;
			buildConfigurationList = 05B4926C29EF834500F63547 /* Build configuration list for PBXNativeTarget "SwiftUI-Guide" */;
			buildPhases = (
				05B4924329EF834400F63547 /* Sources */,
				05B4924429EF834400F63547 /* Frameworks */,
				05B4924529EF834400F63547 /* Resources */,
			);
			buildRules = (
			);
			dependencies = (
			);
			name = "SwiftUI-Guide";
			productName = "SwiftUI-Guide";
			productReference = 05B4924729EF834400F63547 /* SwiftUI-Guide.app */;
			productType = "com.apple.product-type.application";
		};
		05B4925729EF834500F63547 /* SwiftUI-GuideTests */ = {
			isa = PBXNativeTarget;
			buildConfigurationList = 05B4926F29EF834500F63547 /* Build configuration list for PBXNativeTarget "SwiftUI-GuideTests" */;
			buildPhases = (
				05B4925429EF834500F63547 /* Sources */,
				05B4925529EF834500F63547 /* Frameworks */,
				05B4925629EF834500F63547 /* Resources */,
			);
			buildRules = (
			);
			dependencies = (
				05B4925A29EF834500F63547 /* PBXTargetDependency */,
			);
			name = "SwiftUI-GuideTests";
			productName = "SwiftUI-GuideTests";
			productReference = 05B4925829EF834500F63547 /* SwiftUI-GuideTests.xctest */;
			productType = "com.apple.product-type.bundle.unit-test";
		};
		05B4926229EF834500F63547 /* SwiftUI-GuideUITests */ = {
			isa = PBXNativeTarget;
			buildConfigurationList = 05B4927229EF834500F63547 /* Build configuration list for PBXNativeTarget "SwiftUI-GuideUITests" */;
			buildPhases = (
				05B4925F29EF834500F63547 /* Sources */,
				05B4926029EF834500F63547 /* Frameworks */,
				05B4926129EF834500F63547 /* Resources */,
			);
			buildRules = (
			);
			dependencies = (
				05B4926529EF834500F63547 /* PBXTargetDependency */,
			);
			name = "SwiftUI-GuideUITests";
			productName = "SwiftUI-GuideUITests";
			productReference = 05B4926329EF834500F63547 /* SwiftUI-GuideUITests.xctest */;
			productType = "com.apple.product-type.bundle.ui-testing";
		};
/* End PBXNativeTarget section */

/* Begin PBXProject section */
		05B4923F29EF834400F63547 /* Project object */ = {
			isa = PBXProject;
			attributes = {
				LastSwiftUpdateCheck = 1200;
				LastUpgradeCheck = 1200;
				TargetAttributes = {
					05B4924629EF834400F63547 = {
						CreatedOnToolsVersion = 12.0;
					};
					05B4925729EF834500F63547 = {
						CreatedOnToolsVersion = 12.0;
						TestTargetID = 05B4924629EF834400F63547;
					};
					05B4926229EF834500F63547 = {
						CreatedOnToolsVersion = 12.0;
						TestTargetID = 05B4924629EF834400F63547;
					};
				};
			};
			buildConfigurationList = 05B4924229EF834400F63547 /* Build configuration list for PBXProject "SwiftUI-Guide" */;
			compatibilityVersion = "Xcode 9.3";
			developmentRegion = en;
			hasScannedForEncodings = 0;
			knownRegions = (
				en,
				Base,
			);
			mainGroup = 05B4923E29EF834400F63547;
			productRefGroup = 05B4924829EF834400F63547 /* Products */;
			projectDirPath = "";
			projectRoot = "";
			targets = (
				05B4924629EF834400F63547 /* SwiftUI-Guide */,
				05B4925729EF834500F63547 /* SwiftUI-GuideTests */,
				05B4926229EF834500F63547 /* SwiftUI-GuideUITests */,
			);
		};
/* End PBXProject section */

/* Begin PBXResourcesBuildPhase section */
		05B4924529EF834400F63547 /* Resources */ = {
			isa = PBXResourcesBuildPhase;
			buildActionMask = 2147483647;
			files = (
				05B4925229EF834500F63547 /* Preview Assets.xcassets in Resources */,
				05B4924F29EF834500F63547 /* Assets.xcassets in Resources */,
			);
			runOnlyForDeploymentPostprocessing = 0;
		};
		05B4925629EF834500F63547 /* Resources */ = {
			isa = PBXResourcesBuildPhase;
			buildActionMask = 2147483647;
			files = (
			);
			runOnlyForDeploymentPostprocessing = 0;
		};
		05B4926129EF834500F63547 /* Resources */ = {
			isa = PBXResourcesBuildPhase;
			buildActionMask = 2147483647;
			files = (
			);
			runOnlyForDeploymentPostprocessing = 0;
		};
/* End PBXResourcesBuildPhase section */

/* Begin PBXSourcesBuildPhase section */
		05B4924329EF834400F63547 /* Sources */ = {
			isa = PBXSourcesBuildPhase;
			buildActionMask = 2147483647;
			files = (
				05B4924D29EF834400F63547 /* ContentView.swift in Sources */,
				05B4924B29EF834400F63547 /* SwiftUI_GuideApp.swift in Sources */,
			);
			runOnlyForDeploymentPostprocessing = 0;
		};
		05B4925429EF834500F63547 /* Sources */ = {
			isa = PBXSourcesBuildPhase;
			buildActionMask = 2147483647;
			files = (
				05B4925D29EF834500F63547 /* SwiftUI_GuideTests.swift in Sources */,
			);
			runOnlyForDeploymentPostprocessing = 0;
		};
		05B4925F29EF834500F63547 /* Sources */ = {
			isa = PBXSourcesBuildPhase;
			buildActionMask = 2147483647;
			files = (
				05B4926829EF834500F63547 /* SwiftUI_GuideUITests.swift in Sources */,
			);
			runOnlyForDeploymentPostprocessing = 0;
		};
/* End PBXSourcesBuildPhase section */

/* Begin PBXTargetDependency section */
		05B4925A29EF834500F63547 /* PBXTargetDependency */ = {
			isa = PBXTargetDependency;
			target = 05B4924629EF834400F63547 /* SwiftUI-Guide */;
			targetProxy = 05B4925929EF834500F63547 /* PBXContainerItemProxy */;
		};
		05B4926529EF834500F63547 /* PBXTargetDependency */ = {
			isa = PBXTargetDependency;
			target = 05B4924629EF834400F63547 /* SwiftUI-Guide */;
			targetProxy = 05B4926429EF834500F63547 /* PBXContainerItemProxy */;
		};
/* End PBXTargetDependency section */

/* Begin XCBuildConfiguration section */
		05B4926A29EF834500F63547 /* Debug */ = {
			isa = XCBuildConfiguration;
			buildSettings = {
				ALWAYS_SEARCH_USER_PATHS = NO;
				CLANG_ANALYZER_NONNULL = YES;
				CLANG_ANALYZER_NUMBER_OBJECT_CONVERSION = YES_AGGRESSIVE;
				CLANG_CXX_LANGUAGE_STANDARD = "gnu++14";
				CLANG_CXX_LIBRARY = "libc++";
				CLANG_ENABLE_MODULES = YES;
				CLANG_ENABLE_OBJC_ARC = YES;
				CLANG_ENABLE_OBJC_WEAK = YES;
				CLANG_WARN_BLOCK_CAPTURE_AUTORELEASING = YES;
				CLANG_WARN_BOOL_CONVERSION = YES;
				CLANG_WARN_COMMA = YES;
				CLANG_WARN_CONSTANT_CONVERSION = YES;
				CLANG_WARN_DEPRECATED_OBJC_IMPLEMENTATIONS = YES;
				CLANG_WARN_DIRECT_OBJC_ISA_USAGE = YES_ERROR;
				CLANG_WARN_DOCUMENTATION_COMMENTS = YES;
				CLANG_WARN_EMPTY_BODY = YES;
				CLANG_WARN_ENUM_CONVERSION = YES;
				CLANG_WARN_INFINITE_RECURSION = YES;
				CLANG_WARN_INT_CONVERSION = YES;
				CLANG_WARN_NON_LITERAL_NULL_CONVERSION = YES;
				CLANG_WARN_OBJC_IMPLICIT_RETAIN_SELF = YES;
				CLANG_WARN_OBJC_LITERAL_CONVERSION = YES;
				CLANG_WARN_OBJC_ROOT_CLASS = YES_ERROR;
				CLANG_WARN_QUOTED_INCLUDE_IN_FRAMEWORK_HEADER = YES;
				CLANG_WARN_RANGE_LOOP_ANALYSIS = YES;
				CLANG_WARN_STRICT_PROTOTYPES = YES;
				CLANG_WARN_SUSPICIOUS_MOVE = YES;
				CLANG_WARN_UNGUARDED_AVAILABILITY = YES_AGGRESSIVE;
				CLANG_WARN_UNREACHABLE_CODE = YES;
				CLANG_WARN__DUPLICATE_METHOD_MATCH = YES;
				COPY_PHASE_STRIP = NO;
				DEBUG_INFORMATION_FORMAT = dwarf;
				ENABLE_STRICT_OBJC_MSGSEND = YES;
				ENABLE_TESTABILITY = YES;
				GCC_C_LANGUAGE_STANDARD = gnu11;
				GCC_DYNAMIC_NO_PIC = NO;
				GCC_NO_COMMON_BLOCKS = YES;
				GCC_OPTIMIZATION_LEVEL = 0;
				GCC_PREPROCESSOR_DEFINITIONS = (
					"DEBUG=1",
					"$(inherited)",
				);
				GCC_WARN_64_TO_32_BIT_CONVERSION = YES;
				GCC_WARN_ABOUT_RETURN_TYPE = YES_ERROR;
				GCC_WARN_UNDECLARED_SELECTOR = YES;
				GCC_WARN_UNINITIALIZED_AUTOS = YES_AGGRESSIVE;
				GCC_WARN_UNUSED_FUNCTION = YES;
				GCC_WARN_UNUSED_VARIABLE = YES;
				IPHONEOS_DEPLOYMENT_TARGET = 14.0;
				MTL_ENABLE_DEBUG_INFO = INCLUDE_SOURCE;
				MTL_FAST_MATH = YES;
				ONLY_ACTIVE_ARCH = YES;
				SDKROOT = iphoneos;
				SWIFT_ACTIVE_COMPILATION_CONDITIONS = DEBUG;
				SWIFT_OPTIMIZATION_LEVEL = "-Onone";
			};
			name = Debug;
		};
		05B4926B29EF834500F63547 /* Release */ = {
			isa = XCBuildConfiguration;
			buildSettings = {
				ALWAYS_SEARCH_USER_PATHS = NO;
				CLANG_ANALYZER_NONNULL = YES;
				CLANG_ANALYZER_NUMBER_OBJECT_CONVERSION = YES_AGGRESSIVE;
				CLANG_CXX_LANGUAGE_STANDARD = "gnu++14";
				CLANG_CXX_LIBRARY = "libc++";
				CLANG_ENABLE_MODULES = YES;
				CLANG_ENABLE_OBJC_ARC = YES;
				CLANG_ENABLE_OBJC_WEAK = YES;
				CLANG_WARN_BLOCK_CAPTURE_AUTORELEASING = YES;
				CLANG_WARN_BOOL_CONVERSION = YES;
				CLANG_WARN_COMMA = YES;
				CLANG_WARN_CONSTANT_CONVERSION = YES;
				CLANG_WARN_DEPRECATED_OBJC_IMPLEMENTATIONS = YES;
				CLANG_WARN_DIRECT_OBJC_ISA_USAGE = YES_ERROR;
				CLANG_WARN_DOCUMENTATION_COMMENTS = YES;
				CLANG_WARN_EMPTY_BODY = YES;
				CLANG_WARN_ENUM_CONVERSION = YES;
				CLANG_WARN_INFINITE_RECURSION = YES;
				CLANG_WARN_INT_CONVERSION = YES;
				CLANG_WARN_NON_LITERAL_NULL_CONVERSION = YES;
				CLANG_WARN_OBJC_IMPLICIT_RETAIN_SELF = YES;
				CLANG_WARN_OBJC_LITERAL_CONVERSION = YES;
				CLANG_WARN_OBJC_ROOT_CLASS = YES_ERROR;
				CLANG_WARN_QUOTED_INCLUDE_IN_FRAMEWORK_HEADER = YES;
				CLANG_WARN_RANGE_LOOP_ANALYSIS = YES;
				CLANG_WARN_STRICT_PROTOTYPES = YES;
				CLANG_WARN_SUSPICIOUS_MOVE = YES;
				CLANG_WARN_UNGUARDED_AVAILABILITY = YES_AGGRESSIVE;
				CLANG_WARN_UNREACHABLE_CODE = YES;
				CLANG_WARN__DUPLICATE_METHOD_MATCH = YES;
				COPY_PHASE_STRIP = NO;
				DEBUG_INFORMATION_FORMAT = "dwarf-with-dsym";
				ENABLE_NS_ASSERTIONS = NO;
				ENABLE_STRICT_OBJC_MSGSEND = YES;
				GCC_C_LANGUAGE_STANDARD = gnu11;
				GCC_NO_COMMON_BLOCKS = YES;
				GCC_WARN_64_TO_32_BIT_CONVERSION = YES;
				GCC_WARN_ABOUT_RETURN_TYPE = YES_ERROR;
				GCC_WARN_UNDECLARED_SELECTOR = YES;
				GCC_WARN_UNINITIALIZED_AUTOS = YES_AGGRESSIVE;
				GCC_WARN_UNUSED_FUNCTION = YES;
				GCC_WARN_UNUSED_VARIABLE = YES;
				IPHONEOS_DEPLOYMENT_TARGET = 14.0;
				MTL_ENABLE_DEBUG_INFO = NO;
				MTL_FAST_MATH = YES;
				SDKROOT = iphoneos;
				SWIFT_COMPILATION_MODE = wholemodule;
				SWIFT_OPTIMIZATION_LEVEL = "-O";
				VALIDATE_PRODUCT = YES;
			};
			name = Release;
		};
		05B4926D29EF834500F63547 /* Debug */ = {
			isa = XCBuildConfiguration;
			buildSettings = {
				ASSETCATALOG_COMPILER_APPICON_NAME = AppIcon;
				ASSETCATALOG_COMPILER_GLOBAL_ACCENT_COLOR_NAME = AccentColor;
				CODE_SIGN_STYLE = Automatic;
				DEVELOPMENT_ASSET_PATHS = "\"SwiftUI-Guide/Preview Content\"";
				DEVELOPMENT_TEAM = VBMQ7884KQ;
				ENABLE_PREVIEWS = YES;
				INFOPLIST_FILE = "SwiftUI-Guide/Info.plist";
				IPHONEOS_DEPLOYMENT_TARGET = 14.0;
				LD_RUNPATH_SEARCH_PATHS = (
					"$(inherited)",
					"@executable_path/Frameworks",
				);
				PRODUCT_BUNDLE_IDENTIFIER = "com.peng.SwiftUI-Guide";
				PRODUCT_NAME = "$(TARGET_NAME)";
				SWIFT_VERSION = 5.0;
				TARGETED_DEVICE_FAMILY = "1,2";
			};
			name = Debug;
		};
		05B4926E29EF834500F63547 /* Release */ = {
			isa = XCBuildConfiguration;
			buildSettings = {
				ASSETCATALOG_COMPILER_APPICON_NAME = AppIcon;
				ASSETCATALOG_COMPILER_GLOBAL_ACCENT_COLOR_NAME = AccentColor;
				CODE_SIGN_STYLE = Automatic;
				DEVELOPMENT_ASSET_PATHS = "\"SwiftUI-Guide/Preview Content\"";
				DEVELOPMENT_TEAM = VBMQ7884KQ;
				ENABLE_PREVIEWS = YES;
				INFOPLIST_FILE = "SwiftUI-Guide/Info.plist";
				IPHONEOS_DEPLOYMENT_TARGET = 14.0;
				LD_RUNPATH_SEARCH_PATHS = (
					"$(inherited)",
					"@executable_path/Frameworks",
				);
				PRODUCT_BUNDLE_IDENTIFIER = "com.peng.SwiftUI-Guide";
				PRODUCT_NAME = "$(TARGET_NAME)";
				SWIFT_VERSION = 5.0;
				TARGETED_DEVICE_FAMILY = "1,2";
			};
			name = Release;
		};
		05B4927029EF834500F63547 /* Debug */ = {
			isa = XCBuildConfiguration;
			buildSettings = {
				ALWAYS_EMBED_SWIFT_STANDARD_LIBRARIES = YES;
				BUNDLE_LOADER = "$(TEST_HOST)";
				CODE_SIGN_STYLE = Automatic;
				DEVELOPMENT_TEAM = VBMQ7884KQ;
				INFOPLIST_FILE = "SwiftUI-GuideTests/Info.plist";
				IPHONEOS_DEPLOYMENT_TARGET = 14.0;
				LD_RUNPATH_SEARCH_PATHS = (
					"$(inherited)",
					"@executable_path/Frameworks",
					"@loader_path/Frameworks",
				);
				PRODUCT_BUNDLE_IDENTIFIER = "com.peng.SwiftUI-GuideTests";
				PRODUCT_NAME = "$(TARGET_NAME)";
				SWIFT_VERSION = 5.0;
				TARGETED_DEVICE_FAMILY = "1,2";
				TEST_HOST = "$(BUILT_PRODUCTS_DIR)/SwiftUI-Guide.app/SwiftUI-Guide";
			};
			name = Debug;
		};
		05B4927129EF834500F63547 /* Release */ = {
			isa = XCBuildConfiguration;
			buildSettings = {
				ALWAYS_EMBED_SWIFT_STANDARD_LIBRARIES = YES;
				BUNDLE_LOADER = "$(TEST_HOST)";
				CODE_SIGN_STYLE = Automatic;
				DEVELOPMENT_TEAM = VBMQ7884KQ;
				INFOPLIST_FILE = "SwiftUI-GuideTests/Info.plist";
				IPHONEOS_DEPLOYMENT_TARGET = 14.0;
				LD_RUNPATH_SEARCH_PATHS = (
					"$(inherited)",
					"@executable_path/Frameworks",
					"@loader_path/Frameworks",
				);
				PRODUCT_BUNDLE_IDENTIFIER = "com.peng.SwiftUI-GuideTests";
				PRODUCT_NAME = "$(TARGET_NAME)";
				SWIFT_VERSION = 5.0;
				TARGETED_DEVICE_FAMILY = "1,2";
				TEST_HOST = "$(BUILT_PRODUCTS_DIR)/SwiftUI-Guide.app/SwiftUI-Guide";
			};
			name = Release;
		};
		05B4927329EF834500F63547 /* Debug */ = {
			isa = XCBuildConfiguration;
			buildSettings = {
				ALWAYS_EMBED_SWIFT_STANDARD_LIBRARIES = YES;
				CODE_SIGN_STYLE = Automatic;
				DEVELOPMENT_TEAM = VBMQ7884KQ;
				INFOPLIST_FILE = "SwiftUI-GuideUITests/Info.plist";
				LD_RUNPATH_SEARCH_PATHS = (
					"$(inherited)",
					"@executable_path/Frameworks",
					"@loader_path/Frameworks",
				);
				PRODUCT_BUNDLE_IDENTIFIER = "com.peng.SwiftUI-GuideUITests";
				PRODUCT_NAME = "$(TARGET_NAME)";
				SWIFT_VERSION = 5.0;
				TARGETED_DEVICE_FAMILY = "1,2";
				TEST_TARGET_NAME = "SwiftUI-Guide";
			};
			name = Debug;
		};
		05B4927429EF834500F63547 /* Release */ = {
			isa = XCBuildConfiguration;
			buildSettings = {
				ALWAYS_EMBED_SWIFT_STANDARD_LIBRARIES = YES;
				CODE_SIGN_STYLE = Automatic;
				DEVELOPMENT_TEAM = VBMQ7884KQ;
				INFOPLIST_FILE = "SwiftUI-GuideUITests/Info.plist";
				LD_RUNPATH_SEARCH_PATHS = (
					"$(inherited)",
					"@executable_path/Frameworks",
					"@loader_path/Frameworks",
				);
				PRODUCT_BUNDLE_IDENTIFIER = "com.peng.SwiftUI-GuideUITests";
				PRODUCT_NAME = "$(TARGET_NAME)";
				SWIFT_VERSION = 5.0;
				TARGETED_DEVICE_FAMILY = "1,2";
				TEST_TARGET_NAME = "SwiftUI-Guide";
			};
			name = Release;
		};
/* End XCBuildConfiguration section */

/* Begin XCConfigurationList section */
		05B4924229EF834400F63547 /* Build configuration list for PBXProject "SwiftUI-Guide" */ = {
			isa = XCConfigurationList;
			buildConfigurations = (
				05B4926A29EF834500F63547 /* Debug */,
				05B4926B29EF834500F63547 /* Release */,
			);
			defaultConfigurationIsVisible = 0;
			defaultConfigurationName = Release;
		};
		05B4926C29EF834500F63547 /* Build configuration list for PBXNativeTarget "SwiftUI-Guide" */ = {
			isa = XCConfigurationList;
			buildConfigurations = (
				05B4926D29EF834500F63547 /* Debug */,
				05B4926E29EF834500F63547 /* Release */,
			);
			defaultConfigurationIsVisible = 0;
			defaultConfigurationName = Release;
		};
		05B4926F29EF834500F63547 /* Build configuration list for PBXNativeTarget "SwiftUI-GuideTests" */ = {
			isa = XCConfigurationList;
			buildConfigurations = (
				05B4927029EF834500F63547 /* Debug */,
				05B4927129EF834500F63547 /* Release */,
			);
			defaultConfigurationIsVisible = 0;
			defaultConfigurationName = Release;
		};
		05B4927229EF834500F63547 /* Build configuration list for PBXNativeTarget "SwiftUI-GuideUITests" */ = {
			isa = XCConfigurationList;
			buildConfigurations = (
				05B4927329EF834500F63547 /* Debug */,
				05B4927429EF834500F63547 /* Release */,
			);
			defaultConfigurationIsVisible = 0;
			defaultConfigurationName = Release;
		};
/* End XCConfigurationList section */
	};
	rootObject = 05B4923F29EF834400F63547 /* Project object */;
}
